// !$*UTF8*$!
{
	archiveVersion = 1;
	classes = {
	};
	objectVersion = 46;
	objects = {

/* Begin PBXBuildFile section */
		0F8E8D2B1CE223F40024524C /* AppDelegate.swift in Sources */ = {isa = PBXBuildFile; fileRef = 0F8E8D2A1CE223F40024524C /* AppDelegate.swift */; };
		0F8E8D2D1CE223F40024524C /* ViewController.swift in Sources */ = {isa = PBXBuildFile; fileRef = 0F8E8D2C1CE223F40024524C /* ViewController.swift */; };
		0F8E8D301CE223F40024524C /* Main.storyboard in Resources */ = {isa = PBXBuildFile; fileRef = 0F8E8D2E1CE223F40024524C /* Main.storyboard */; };
		0F8E8D321CE223F40024524C /* Assets.xcassets in Resources */ = {isa = PBXBuildFile; fileRef = 0F8E8D311CE223F40024524C /* Assets.xcassets */; };
		0F8E8D351CE223F40024524C /* LaunchScreen.storyboard in Resources */ = {isa = PBXBuildFile; fileRef = 0F8E8D331CE223F40024524C /* LaunchScreen.storyboard */; };
/* End PBXBuildFile section */

/* Begin PBXFileReference section */
		0F8E8D271CE223F40024524C /* Simple Dictionary.app */ = {isa = PBXFileReference; explicitFileType = wrapper.application; includeInIndex = 0; path = "Simple Dictionary.app"; sourceTree = BUILT_PRODUCTS_DIR; };
		0F8E8D2A1CE223F40024524C /* AppDelegate.swift */ = {isa = PBXFileReference; lastKnownFileType = sourcecode.swift; path = AppDelegate.swift; sourceTree = "<group>"; };
		0F8E8D2C1CE223F40024524C /* ViewController.swift */ = {isa = PBXFileReference; lastKnownFileType = sourcecode.swift; path = ViewController.swift; sourceTree = "<group>"; };
		0F8E8D2F1CE223F40024524C /* Base */ = {isa = PBXFileReference; lastKnownFileType = file.storyboard; name = Base; path = Base.lproj/Main.storyboard; sourceTree = "<group>"; };
		0F8E8D311CE223F40024524C /* Assets.xcassets */ = {isa = PBXFileReference; lastKnownFileType = folder.assetcatalog; path = Assets.xcassets; sourceTree = "<group>"; };
		0F8E8D341CE223F40024524C /* Base */ = {isa = PBXFileReference; lastKnownFileType = file.storyboard; name = Base; path = Base.lproj/LaunchScreen.storyboard; sourceTree = "<group>"; };
		0F8E8D361CE223F40024524C /* Info.plist */ = {isa = PBXFileReference; lastKnownFileType = text.plist.xml; path = Info.plist; sourceTree = "<group>"; };
/* End PBXFileReference section */

/* Begin PBXFrameworksBuildPhase section */
		0F8E8D241CE223F40024524C /* Frameworks */ = {
			isa = PBXFrameworksBuildPhase;
			buildActionMask = 2147483647;
			files = (
			);
			runOnlyForDeploymentPostprocessing = 0;
		};
/* End PBXFrameworksBuildPhase section */

/* Begin PBXGroup section */
		0F8E8D1E1CE223F40024524C = {
			isa = PBXGroup;
			children = (
				0F8E8D291CE223F40024524C /* Simple Dictionary */,
				0F8E8D281CE223F40024524C /* Products */,
			);
			sourceTree = "<group>";
		};
		0F8E8D281CE223F40024524C /* Products */ = {
			isa = PBXGroup;
			children = (
				0F8E8D271CE223F40024524C /* Simple Dictionary.app */,
			);
			name = Products;
			sourceTree = "<group>";
		};
		0F8E8D291CE223F40024524C /* Simple Dictionary */ = {
			isa = PBXGroup;
			children = (
				0F8E8D2A1CE223F40024524C /* AppDelegate.swift */,
				0F8E8D2C1CE223F40024524C /* ViewController.swift */,
				0F8E8D2E1CE223F40024524C /* Main.storyboard */,
				0F8E8D311CE223F40024524C /* Assets.xcassets */,
				0F8E8D331CE223F40024524C /* LaunchScreen.storyboard */,
				0F8E8D361CE223F40024524C /* Info.plist */,
			);
			path = "Simple Dictionary";
			sourceTree = "<group>";
		};
/* End PBXGroup section */

/* Begin PBXNativeTarget section */
		0F8E8D261CE223F40024524C /* Simple Dictionary */ = {
			isa = PBXNativeTarget;
			buildConfigurationList = 0F8E8D391CE223F40024524C /* Build configuration list for PBXNativeTarget "Simple Dictionary" */;
			buildPhases = (
				0F8E8D231CE223F40024524C /* Sources */,
				0F8E8D241CE223F40024524C /* Frameworks */,
				0F8E8D251CE223F40024524C /* Resources */,
			);
			buildRules = (
			);
			dependencies = (
			);
			name = "Simple Dictionary";
			productName = "Simple Dictionary";
			productReference = 0F8E8D271CE223F40024524C /* Simple Dictionary.app */;
			productType = "com.apple.product-type.application";
		};
/* End PBXNativeTarget section */

/* Begin PBXProject section */
		0F8E8D1F1CE223F40024524C /* Project object */ = {
			isa = PBXProject;
			attributes = {
				LastSwiftUpdateCheck = 0730;
				LastUpgradeCheck = 0730;
				ORGANIZATIONNAME = "Ivan Cai";
				TargetAttributes = {
					0F8E8D261CE223F40024524C = {
						CreatedOnToolsVersion = 7.3;
						DevelopmentTeam = D683798Y4X;
					};
				};
			};
			buildConfigurationList = 0F8E8D221CE223F40024524C /* Build configuration list for PBXProject "Simple Dictionary" */;
			compatibilityVersion = "Xcode 3.2";
			developmentRegion = English;
			hasScannedForEncodings = 0;
			knownRegions = (
				en,
				Base,
			);
			mainGroup = 0F8E8D1E1CE223F40024524C;
			productRefGroup = 0F8E8D281CE223F40024524C /* Products */;
			projectDirPath = "";
			projectRoot = "";
			targets = (
				0F8E8D261CE223F40024524C /* Simple Dictionary */,
			);
		};
/* End PBXProject section */

/* Begin PBXResourcesBuildPhase section */
		0F8E8D251CE223F40024524C /* Resources */ = {
			isa = PBXResourcesBuildPhase;
			buildActionMask = 2147483647;
			files = (
				0F8E8D351CE223F40024524C /* LaunchScreen.storyboard in Resources */,
				0F8E8D321CE223F40024524C /* Assets.xcassets in Resources */,
				0F8E8D301CE223F40024524C /* Main.storyboard in Resources */,
			);
			runOnlyForDeploymentPostprocessing = 0;
		};
/* End PBXResourcesBuildPhase section */

/* Begin PBXSourcesBuildPhase section */
		0F8E8D231CE223F40024524C /* Sources */ = {
			isa = PBXSourcesBuildPhase;
			buildActionMask = 2147483647;
			files = (
				0F8E8D2D1CE223F40024524C /* ViewController.swift in Sources */,
				0F8E8D2B1CE223F40024524C /* AppDelegate.swift in Sources */,
			);
			runOnlyForDeploymentPostprocessing = 0;
		};
/* End PBXSourcesBuildPhase section */

/* Begin PBXVariantGroup section */
		0F8E8D2E1CE223F40024524C /* Main.storyboard */ = {
			isa = PBXVariantGroup;
			children = (
				0F8E8D2F1CE223F40024524C /* Base */,
			);
			name = Main.storyboard;
			sourceTree = "<group>";
		};
		0F8E8D331CE223F40024524C /* LaunchScreen.storyboard */ = {
			isa = PBXVariantGroup;
			children = (
				0F8E8D341CE223F40024524C /* Base */,
			);
			name = LaunchScreen.storyboard;
			sourceTree = "<group>";
		};
/* End PBXVariantGroup section */

/* Begin XCBuildConfiguration section */
		0F8E8D371CE223F40024524C /* Debug */ = {
			isa = XCBuildConfiguration;
			buildSettings = {
				ALWAYS_SEARCH_USER_PATHS = NO;
				CLANG_ANALYZER_NONNULL = YES;
				CLANG_CXX_LANGUAGE_STANDARD = "gnu++0x";
				CLANG_CXX_LIBRARY = "libc++";
				CLANG_ENABLE_MODULES = YES;
				CLANG_ENABLE_OBJC_ARC = YES;
				CLANG_WARN_BOOL_CONVERSION = YES;
				CLANG_WARN_CONSTANT_CONVERSION = YES;
				CLANG_WARN_DIRECT_OBJC_ISA_USAGE = YES_ERROR;
				CLANG_WARN_EMPTY_BODY = YES;
				CLANG_WARN_ENUM_CONVERSION = YES;
				CLANG_WARN_INT_CONVERSION = YES;
				CLANG_WARN_OBJC_ROOT_CLASS = YES_ERROR;
				CLANG_WARN_UNREACHABLE_CODE = YES;
				CLANG_WARN__DUPLICATE_METHOD_MATCH = YES;
				"CODE_SIGN_IDENTITY[sdk=iphoneos*]" = "iPhone Developer";
				COPY_PHASE_STRIP = NO;
				DEBUG_INFORMATION_FORMAT = dwarf;
				ENABLE_STRICT_OBJC_MSGSEND = YES;
				ENABLE_TESTABILITY = YES;
				GCC_C_LANGUAGE_STANDARD = gnu99;
				GCC_DYNAMIC_NO_PIC = NO;
				GCC_NO_COMMON_BLOCKS = YES;
				GCC_OPTIMIZATION_LEVEL = 0;
				GCC_PREPROCESSOR_DEFINITIONS = (
					"DEBUG=1",
					"$(inherited)",
				);
				GCC_WARN_64_TO_32_BIT_CONVERSION = YES;
				GCC_WARN_ABOUT_RETURN_TYPE = YES_ERROR;
				GCC_WARN_UNDECLARED_SELECTOR = YES;
				GCC_WARN_UNINITIALIZED_AUTOS = YES_AGGRESSIVE;
				GCC_WARN_UNUSED_FUNCTION = YES;
				GCC_WARN_UNUSED_VARIABLE = YES;
				IPHONEOS_DEPLOYMENT_TARGET = 9.3;
				MTL_ENABLE_DEBUG_INFO = YES;
				ONLY_ACTIVE_ARCH = YES;
				SDKROOT = iphoneos;
				SWIFT_OPTIMIZATION_LEVEL = "-Onone";
				TARGETED_DEVICE_FAMILY = "1,2";
			};
			name = Debug;
		};
		0F8E8D381CE223F40024524C /* Release */ = {
			isa = XCBuildConfiguration;
			buildSettings = {
				ALWAYS_SEARCH_USER_PATHS = NO;
				CLANG_ANALYZER_NONNULL = YES;
				CLANG_CXX_LANGUAGE_STANDARD = "gnu++0x";
				CLANG_CXX_LIBRARY = "libc++";
				CLANG_ENABLE_MODULES = YES;
				CLANG_ENABLE_OBJC_ARC = YES;
				CLANG_WARN_BOOL_CONVERSION = YES;
				CLANG_WARN_CONSTANT_CONVERSION = YES;
				CLANG_WARN_DIRECT_OBJC_ISA_USAGE = YES_ERROR;
				CLANG_WARN_EMPTY_BODY = YES;
				CLANG_WARN_ENUM_CONVERSION = YES;
				CLANG_WARN_INT_CONVERSION = YES;
				CLANG_WARN_OBJC_ROOT_CLASS = YES_ERROR;
				CLANG_WARN_UNREACHABLE_CODE = YES;
				CLANG_WARN__DUPLICATE_METHOD_MATCH = YES;
				"CODE_SIGN_IDENTITY[sdk=iphoneos*]" = "iPhone Developer";
				COPY_PHASE_STRIP = NO;
				DEBUG_INFORMATION_FORMAT = "dwarf-with-dsym";
				ENABLE_NS_ASSERTIONS = NO;
				ENABLE_STRICT_OBJC_MSGSEND = YES;
				GCC_C_LANGUAGE_STANDARD = gnu99;
				GCC_NO_COMMON_BLOCKS = YES;
				GCC_WARN_64_TO_32_BIT_CONVERSION = YES;
				GCC_WARN_ABOUT_RETURN_TYPE = YES_ERROR;
				GCC_WARN_UNDECLARED_SELECTOR = YES;
				GCC_WARN_UNINITIALIZED_AUTOS = YES_AGGRESSIVE;
				GCC_WARN_UNUSED_FUNCTION = YES;
				GCC_WARN_UNUSED_VARIABLE = YES;
				IPHONEOS_DEPLOYMENT_TARGET = 9.3;
				MTL_ENABLE_DEBUG_INFO = NO;
				SDKROOT = iphoneos;
				TARGETED_DEVICE_FAMILY = "1,2";
				VALIDATE_PRODUCT = YES;
			};
			name = Release;
		};
		0F8E8D3A1CE223F40024524C /* Debug */ = {
			isa = XCBuildConfiguration;
			buildSettings = {
				ASSETCATALOG_COMPILER_APPICON_NAME = AppIcon;
				INFOPLIST_FILE = "Simple Dictionary/Info.plist";
				LD_RUNPATH_SEARCH_PATHS = "$(inherited) @executable_path/Frameworks";
				PRODUCT_BUNDLE_IDENTIFIER = "caizixian.Simple-Dictionary";
				PRODUCT_NAME = "$(TARGET_NAME)";
			};
			name = Debug;
		};
		0F8E8D3B1CE223F40024524C /* Release */ = {
			isa = XCBuildConfiguration;
			buildSettings = {
				ASSETCATALOG_COMPILER_APPICON_NAME = AppIcon;
				INFOPLIST_FILE = "Simple Dictionary/Info.plist";
				LD_RUNPATH_SEARCH_PATHS = "$(inherited) @executable_path/Frameworks";
				PRODUCT_BUNDLE_IDENTIFIER = "caizixian.Simple-Dictionary";
				PRODUCT_NAME = "$(TARGET_NAME)";
			};
			name = Release;
		};
/* End XCBuildConfiguration section */

/* Begin XCConfigurationList section */
		0F8E8D221CE223F40024524C /* Build configuration list for PBXProject "Simple Dictionary" */ = {
			isa = XCConfigurationList;
			buildConfigurations = (
				0F8E8D371CE223F40024524C /* Debug */,
				0F8E8D381CE223F40024524C /* Release */,
			);
			defaultConfigurationIsVisible = 0;
			defaultConfigurationName = Release;
		};
		0F8E8D391CE223F40024524C /* Build configuration list for PBXNativeTarget "Simple Dictionary" */ = {
			isa = XCConfigurationList;
			buildConfigurations = (
				0F8E8D3A1CE223F40024524C /* Debug */,
				0F8E8D3B1CE223F40024524C /* Release */,
			);
			defaultConfigurationIsVisible = 0;
		};
/* End XCConfigurationList section */
	};
	rootObject = 0F8E8D1F1CE223F40024524C /* Project object */;
}
